
Microsoft Visual Studio Solution File, Format Version 12.00
# Visual Studio 2013
VisualStudioVersion = 12.0.21005.1
MinimumVisualStudioVersion = 10.0.40219.1
Project("{FAE04EC0-301F-11D3-BF4B-00C04F79EFBC}") = "LogisticsNetworkSimulator", "LogisticsNetworkSimulator\LogisticsNetworkSimulator.csproj", "{A8D281F0-2BB7-43BD-B815-64CB847E9D24}"
EndProject
Project("{FAE04EC0-301F-11D3-BF4B-00C04F79EFBC}") = "DataModel", "DataModel\DataModel.csproj", "{A51C559E-4922-42F5-8C6F-2799A8121599}"
EndProject
Project("{FAE04EC0-301F-11D3-BF4B-00C04F79EFBC}") = "Database", "Database\Database.csproj", "{2FC00B3A-2B8E-4B07-96AB-06401A2BD3A5}"
EndProject
Project("{FAE04EC0-301F-11D3-BF4B-00C04F79EFBC}") = "Services", "Services\Services.csproj", "{77739766-8EA7-4166-817E-CEB2D3BDD2CE}"
EndProject
Project("{FAE04EC0-301F-11D3-BF4B-00C04F79EFBC}") = "Tests", "Tests\Tests.csproj", "{138E5DA5-0D76-47E1-9FD5-297716221043}"
EndProject
Global
	GlobalSection(SolutionConfigurationPlatforms) = preSolution
		Debug|Any CPU = Debug|Any CPU
		Release|Any CPU = Release|Any CPU
	EndGlobalSection
	GlobalSection(ProjectConfigurationPlatforms) = postSolution
		{A8D281F0-2BB7-43BD-B815-64CB847E9D24}.Debug|Any CPU.ActiveCfg = Debug|Any CPU
		{A8D281F0-2BB7-43BD-B815-64CB847E9D24}.Debug|Any CPU.Build.0 = Debug|Any CPU
		{A8D281F0-2BB7-43BD-B815-64CB847E9D24}.Release|Any CPU.ActiveCfg = Release|Any CPU
		{A8D281F0-2BB7-43BD-B815-64CB847E9D24}.Release|Any CPU.Build.0 = Release|Any CPU
		{A51C559E-4922-42F5-8C6F-2799A8121599}.Debug|Any CPU.ActiveCfg = Debug|Any CPU
		{A51C559E-4922-42F5-8C6F-2799A8121599}.Debug|Any CPU.Build.0 = Debug|Any CPU
		{A51C559E-4922-42F5-8C6F-2799A8121599}.Release|Any CPU.ActiveCfg = Release|Any CPU
		{A51C559E-4922-42F5-8C6F-2799A8121599}.Release|Any CPU.Build.0 = Release|Any CPU
		{2FC00B3A-2B8E-4B07-96AB-06401A2BD3A5}.Debug|Any CPU.ActiveCfg = Debug|Any CPU
		{2FC00B3A-2B8E-4B07-96AB-06401A2BD3A5}.Debug|Any CPU.Build.0 = Debug|Any CPU
		{2FC00B3A-2B8E-4B07-96AB-06401A2BD3A5}.Release|Any CPU.ActiveCfg = Release|Any CPU
		{2FC00B3A-2B8E-4B07-96AB-06401A2BD3A5}.Release|Any CPU.Build.0 = Release|Any CPU
		{77739766-8EA7-4166-817E-CEB2D3BDD2CE}.Debug|Any CPU.ActiveCfg = Debug|Any CPU
		{77739766-8EA7-4166-817E-CEB2D3BDD2CE}.Debug|Any CPU.Build.0 = Debug|Any CPU
		{77739766-8EA7-4166-817E-CEB2D3BDD2CE}.Release|Any CPU.ActiveCfg = Release|Any CPU
		{77739766-8EA7-4166-817E-CEB2D3BDD2CE}.Release|Any CPU.Build.0 = Release|Any CPU
		{138E5DA5-0D76-47E1-9FD5-297716221043}.Debug|Any CPU.ActiveCfg = Debug|Any CPU
		{138E5DA5-0D76-47E1-9FD5-297716221043}.Debug|Any CPU.Build.0 = Debug|Any CPU
		{138E5DA5-0D76-47E1-9FD5-297716221043}.Release|Any CPU.ActiveCfg = Release|Any CPU
		{138E5DA5-0D76-47E1-9FD5-297716221043}.Release|Any CPU.Build.0 = Release|Any CPU
	EndGlobalSection
	GlobalSection(SolutionProperties) = preSolution
		HideSolutionNode = FALSE
	EndGlobalSection
EndGlobal
